
Microsoft Visual Studio Solution File, Format Version 12.00
# Visual Studio 14
VisualStudioVersion = 14.0.25420.1
MinimumVisualStudioVersion = 10.0.40219.1
Project("{FAE04EC0-301F-11D3-BF4B-00C04F79EFBC}") = "FitnessForms", "FitnessForms\FitnessForms.csproj", "{94E5C035-A3EF-40F9-A85C-D0F531938494}"
EndProject
Project("{FAE04EC0-301F-11D3-BF4B-00C04F79EFBC}") = "Connective", "Connective\Connective.csproj", "{AAF1F7ED-32E4-426D-8C32-AE774FE8D726}"
EndProject
Project("{FAE04EC0-301F-11D3-BF4B-00C04F79EFBC}") = "FitnessWeb", "FitnessWeb\FitnessWeb.csproj", "{16CAC1CA-2963-489E-82B0-4F30C1F2F3E6}"
EndProject
Global
	GlobalSection(SolutionConfigurationPlatforms) = preSolution
		Debug|Any CPU = Debug|Any CPU
		Release|Any CPU = Release|Any CPU
	EndGlobalSection
	GlobalSection(ProjectConfigurationPlatforms) = postSolution
		{94E5C035-A3EF-40F9-A85C-D0F531938494}.Debug|Any CPU.ActiveCfg = Debug|Any CPU
		{94E5C035-A3EF-40F9-A85C-D0F531938494}.Debug|Any CPU.Build.0 = Debug|Any CPU
		{94E5C035-A3EF-40F9-A85C-D0F531938494}.Release|Any CPU.ActiveCfg = Release|Any CPU
		{94E5C035-A3EF-40F9-A85C-D0F531938494}.Release|Any CPU.Build.0 = Release|Any CPU
		{AAF1F7ED-32E4-426D-8C32-AE774FE8D726}.Debug|Any CPU.ActiveCfg = Debug|Any CPU
		{AAF1F7ED-32E4-426D-8C32-AE774FE8D726}.Debug|Any CPU.Build.0 = Debug|Any CPU
		{AAF1F7ED-32E4-426D-8C32-AE774FE8D726}.Release|Any CPU.ActiveCfg = Release|Any CPU
		{AAF1F7ED-32E4-426D-8C32-AE774FE8D726}.Release|Any CPU.Build.0 = Release|Any CPU
		{16CAC1CA-2963-489E-82B0-4F30C1F2F3E6}.Debug|Any CPU.ActiveCfg = Debug|Any CPU
		{16CAC1CA-2963-489E-82B0-4F30C1F2F3E6}.Debug|Any CPU.Build.0 = Debug|Any CPU
		{16CAC1CA-2963-489E-82B0-4F30C1F2F3E6}.Release|Any CPU.ActiveCfg = Release|Any CPU
		{16CAC1CA-2963-489E-82B0-4F30C1F2F3E6}.Release|Any CPU.Build.0 = Release|Any CPU
	EndGlobalSection
	GlobalSection(SolutionProperties) = preSolution
		HideSolutionNode = FALSE
	EndGlobalSection
	GlobalSection(ExtensibilityGlobals) = postSolution
		SolutionGuid = {3996F43E-FDCA-4B99-8F6D-5FCA5F21EFF8}
	EndGlobalSection
EndGlobal
